
Microsoft Visual Studio Solution File, Format Version 12.00
# Visual Studio Version 17
VisualStudioVersion = 17.9.34607.119
MinimumVisualStudioVersion = 10.0.40219.1
Project("{888888A0-9F3D-457C-B088-3A5042F75D52}") = "BJ_python", "BJ_python\BJ_python.pyproj", "{030784C5-7F12-480F-AD99-CD8C39310055}"
EndProject
Global
	GlobalSection(SolutionConfigurationPlatforms) = preSolution
		Debug|Any CPU = Debug|Any CPU
		Release|Any CPU = Release|Any CPU
	EndGlobalSection
	GlobalSection(ProjectConfigurationPlatforms) = postSolution
		{030784C5-7F12-480F-AD99-CD8C39310055}.Debug|Any CPU.ActiveCfg = Debug|Any CPU
		{030784C5-7F12-480F-AD99-CD8C39310055}.Release|Any CPU.ActiveCfg = Release|Any CPU
	EndGlobalSection
	GlobalSection(SolutionProperties) = preSolution
		HideSolutionNode = FALSE
	EndGlobalSection
	GlobalSection(ExtensibilityGlobals) = postSolution
		SolutionGuid = {DE8CFCC6-4395-494E-BBD3-2EE4838673E4}
	EndGlobalSection
EndGlobal
